
Microsoft Visual Studio Solution File, Format Version 12.00
# Visual Studio 14
VisualStudioVersion = 14.0.23107.0
MinimumVisualStudioVersion = 10.0.40219.1
Project("{FAE04EC0-301F-11D3-BF4B-00C04F79EFBC}") = "Manulife.Web.Mvc.App", "Manulife.Web.Mvc.App\Manulife.Web.Mvc.App.csproj", "{E902847A-E1F3-4627-8570-D193137CC996}"
EndProject
Project("{FAE04EC0-301F-11D3-BF4B-00C04F79EFBC}") = "Manulife.Web.Mvc.Lib", "Manuilfe.Web.Mvc.Lib\Manulife.Web.Mvc.Lib.csproj", "{5D1B1655-7B63-464A-A74A-26BBF70B8EEB}"
EndProject
Global
	GlobalSection(SolutionConfigurationPlatforms) = preSolution
		Debug|Any CPU = Debug|Any CPU
		Release|Any CPU = Release|Any CPU
	EndGlobalSection
	GlobalSection(ProjectConfigurationPlatforms) = postSolution
		{E902847A-E1F3-4627-8570-D193137CC996}.Debug|Any CPU.ActiveCfg = Debug|Any CPU
		{E902847A-E1F3-4627-8570-D193137CC996}.Debug|Any CPU.Build.0 = Debug|Any CPU
		{E902847A-E1F3-4627-8570-D193137CC996}.Release|Any CPU.ActiveCfg = Release|Any CPU
		{E902847A-E1F3-4627-8570-D193137CC996}.Release|Any CPU.Build.0 = Release|Any CPU
		{5D1B1655-7B63-464A-A74A-26BBF70B8EEB}.Debug|Any CPU.ActiveCfg = Debug|Any CPU
		{5D1B1655-7B63-464A-A74A-26BBF70B8EEB}.Debug|Any CPU.Build.0 = Debug|Any CPU
		{5D1B1655-7B63-464A-A74A-26BBF70B8EEB}.Release|Any CPU.ActiveCfg = Release|Any CPU
		{5D1B1655-7B63-464A-A74A-26BBF70B8EEB}.Release|Any CPU.Build.0 = Release|Any CPU
	EndGlobalSection
	GlobalSection(SolutionProperties) = preSolution
		HideSolutionNode = FALSE
	EndGlobalSection
EndGlobal
